
Microsoft Visual Studio Solution File, Format Version 12.00
# Visual Studio Version 16
VisualStudioVersion = 16.0.29519.87
MinimumVisualStudioVersion = 10.0.40219.1
Project("{FAE04EC0-301F-11D3-BF4B-00C04F79EFBC}") = "NetDiscovery", "NetDiscovery\NetDiscovery.csproj", "{3FAD84A2-8D8A-4B11-976C-81D248FD9CB8}"
EndProject
Project("{FAE04EC0-301F-11D3-BF4B-00C04F79EFBC}") = "NetDiscovery.Udp", "NetDiscovery.Udp\NetDiscovery.Udp.csproj", "{84C8F7C0-1BAB-4ACA-BECD-B2553421E00A}"
EndProject
Project("{FAE04EC0-301F-11D3-BF4B-00C04F79EFBC}") = "ConsoleServer", "example\ConsoleServer\ConsoleServer.csproj", "{7E445753-40D0-43B0-B498-960F21107EB6}"
EndProject
Project("{FAE04EC0-301F-11D3-BF4B-00C04F79EFBC}") = "ConsoleClient", "example\ConsoleClient\ConsoleClient.csproj", "{EBF03E78-54F0-43BD-B757-86921DD563B7}"
EndProject
Global
	GlobalSection(SolutionConfigurationPlatforms) = preSolution
		Debug|Any CPU = Debug|Any CPU
		Release|Any CPU = Release|Any CPU
	EndGlobalSection
	GlobalSection(ProjectConfigurationPlatforms) = postSolution
		{3FAD84A2-8D8A-4B11-976C-81D248FD9CB8}.Debug|Any CPU.ActiveCfg = Debug|Any CPU
		{3FAD84A2-8D8A-4B11-976C-81D248FD9CB8}.Debug|Any CPU.Build.0 = Debug|Any CPU
		{3FAD84A2-8D8A-4B11-976C-81D248FD9CB8}.Release|Any CPU.ActiveCfg = Release|Any CPU
		{3FAD84A2-8D8A-4B11-976C-81D248FD9CB8}.Release|Any CPU.Build.0 = Release|Any CPU
		{84C8F7C0-1BAB-4ACA-BECD-B2553421E00A}.Debug|Any CPU.ActiveCfg = Debug|Any CPU
		{84C8F7C0-1BAB-4ACA-BECD-B2553421E00A}.Debug|Any CPU.Build.0 = Debug|Any CPU
		{84C8F7C0-1BAB-4ACA-BECD-B2553421E00A}.Release|Any CPU.ActiveCfg = Release|Any CPU
		{84C8F7C0-1BAB-4ACA-BECD-B2553421E00A}.Release|Any CPU.Build.0 = Release|Any CPU
		{7E445753-40D0-43B0-B498-960F21107EB6}.Debug|Any CPU.ActiveCfg = Debug|Any CPU
		{7E445753-40D0-43B0-B498-960F21107EB6}.Debug|Any CPU.Build.0 = Debug|Any CPU
		{7E445753-40D0-43B0-B498-960F21107EB6}.Release|Any CPU.ActiveCfg = Release|Any CPU
		{7E445753-40D0-43B0-B498-960F21107EB6}.Release|Any CPU.Build.0 = Release|Any CPU
		{EBF03E78-54F0-43BD-B757-86921DD563B7}.Debug|Any CPU.ActiveCfg = Debug|Any CPU
		{EBF03E78-54F0-43BD-B757-86921DD563B7}.Debug|Any CPU.Build.0 = Debug|Any CPU
		{EBF03E78-54F0-43BD-B757-86921DD563B7}.Release|Any CPU.ActiveCfg = Release|Any CPU
		{EBF03E78-54F0-43BD-B757-86921DD563B7}.Release|Any CPU.Build.0 = Release|Any CPU
	EndGlobalSection
	GlobalSection(SolutionProperties) = preSolution
		HideSolutionNode = FALSE
	EndGlobalSection
	GlobalSection(ExtensibilityGlobals) = postSolution
		SolutionGuid = {C2180764-6508-416F-A203-1780CD2AD48E}
	EndGlobalSection
EndGlobal
